
Microsoft Visual Studio Solution File, Format Version 12.00
# Visual Studio Version 17
VisualStudioVersion = 17.14.36414.22
MinimumVisualStudioVersion = 10.0.40219.1
Project("{2150E333-8FDC-42A3-9474-1A3956D46DE8}") = "src", "src", "{02EA681E-C7D8-13C7-8484-4AC65E1B71E8}"
	ProjectSection(SolutionItems) = preProject
		.gitignore = .gitignore
	EndProjectSection
EndProject
Project("{2150E333-8FDC-42A3-9474-1A3956D46DE8}") = "test", "test", "{5E7A5AC9-34C3-4E37-BB5E-E80EBB1B28AA}"
EndProject
Project("{2150E333-8FDC-42A3-9474-1A3956D46DE8}") = "Domain", "Domain", "{D9E4492D-7CB2-41EF-B3A4-67C3AB478169}"
EndProject
Project("{2150E333-8FDC-42A3-9474-1A3956D46DE8}") = "Application", "Application", "{60FCC27A-2A3E-4A9E-BA2E-0888C476244E}"
EndProject
Project("{2150E333-8FDC-42A3-9474-1A3956D46DE8}") = "Infrastructure", "Infrastructure", "{CDEA58E1-3241-4B43-86E0-858CEDDCA1FF}"
EndProject
Project("{FAE04EC0-301F-11D3-BF4B-00C04F79EFBC}") = "HR_Management.Domain", "HR_Management.Domain\HR_Management.Domain.csproj", "{A9BE68FE-F620-4405-B0CF-6D7E4ECA550B}"
EndProject
Project("{FAE04EC0-301F-11D3-BF4B-00C04F79EFBC}") = "HR_Management.Application", "HR_Management.Application\HR_Management.Application.csproj", "{5D021816-10E0-445B-8599-3639FF0ED400}"
EndProject
Project("{FAE04EC0-301F-11D3-BF4B-00C04F79EFBC}") = "HR_Management.Infrastructure", "HR_Management.Infrastructure\HR_Management.Infrastructure.csproj", "{BF745142-7F16-4F18-86B9-1A3663A816F7}"
EndProject
Project("{2150E333-8FDC-42A3-9474-1A3956D46DE8}") = "Core", "Core", "{E1965ACD-DF64-418D-96EF-57A8624198FB}"
EndProject
Project("{2150E333-8FDC-42A3-9474-1A3956D46DE8}") = "Presentation", "Presentation", "{A471E111-397A-493C-8BF1-5C0E69AF1F3D}"
EndProject
Project("{FAE04EC0-301F-11D3-BF4B-00C04F79EFBC}") = "HR_Management.Api", "HR_Management.Presentation\HR_Management.Api.csproj", "{9CCC5950-FA3F-43D0-8DFD-36E8D5910B2E}"
EndProject
Project("{FAE04EC0-301F-11D3-BF4B-00C04F79EFBC}") = "HR_Management.MVC", "HR_Management.MVC\HR_Management.MVC.csproj", "{80B9AE02-87E5-431E-9F34-17AC6B444A7F}"
EndProject
Global
	GlobalSection(SolutionConfigurationPlatforms) = preSolution
		Debug|Any CPU = Debug|Any CPU
		Release|Any CPU = Release|Any CPU
	EndGlobalSection
	GlobalSection(ProjectConfigurationPlatforms) = postSolution
		{A9BE68FE-F620-4405-B0CF-6D7E4ECA550B}.Debug|Any CPU.ActiveCfg = Debug|Any CPU
		{A9BE68FE-F620-4405-B0CF-6D7E4ECA550B}.Debug|Any CPU.Build.0 = Debug|Any CPU
		{A9BE68FE-F620-4405-B0CF-6D7E4ECA550B}.Release|Any CPU.ActiveCfg = Release|Any CPU
		{A9BE68FE-F620-4405-B0CF-6D7E4ECA550B}.Release|Any CPU.Build.0 = Release|Any CPU
		{5D021816-10E0-445B-8599-3639FF0ED400}.Debug|Any CPU.ActiveCfg = Debug|Any CPU
		{5D021816-10E0-445B-8599-3639FF0ED400}.Debug|Any CPU.Build.0 = Debug|Any CPU
		{5D021816-10E0-445B-8599-3639FF0ED400}.Release|Any CPU.ActiveCfg = Release|Any CPU
		{5D021816-10E0-445B-8599-3639FF0ED400}.Release|Any CPU.Build.0 = Release|Any CPU
		{BF745142-7F16-4F18-86B9-1A3663A816F7}.Debug|Any CPU.ActiveCfg = Debug|Any CPU
		{BF745142-7F16-4F18-86B9-1A3663A816F7}.Debug|Any CPU.Build.0 = Debug|Any CPU
		{BF745142-7F16-4F18-86B9-1A3663A816F7}.Release|Any CPU.ActiveCfg = Release|Any CPU
		{BF745142-7F16-4F18-86B9-1A3663A816F7}.Release|Any CPU.Build.0 = Release|Any CPU
		{9CCC5950-FA3F-43D0-8DFD-36E8D5910B2E}.Debug|Any CPU.ActiveCfg = Debug|Any CPU
		{9CCC5950-FA3F-43D0-8DFD-36E8D5910B2E}.Debug|Any CPU.Build.0 = Debug|Any CPU
		{9CCC5950-FA3F-43D0-8DFD-36E8D5910B2E}.Release|Any CPU.ActiveCfg = Release|Any CPU
		{9CCC5950-FA3F-43D0-8DFD-36E8D5910B2E}.Release|Any CPU.Build.0 = Release|Any CPU
		{80B9AE02-87E5-431E-9F34-17AC6B444A7F}.Debug|Any CPU.ActiveCfg = Debug|Any CPU
		{80B9AE02-87E5-431E-9F34-17AC6B444A7F}.Debug|Any CPU.Build.0 = Debug|Any CPU
		{80B9AE02-87E5-431E-9F34-17AC6B444A7F}.Release|Any CPU.ActiveCfg = Release|Any CPU
		{80B9AE02-87E5-431E-9F34-17AC6B444A7F}.Release|Any CPU.Build.0 = Release|Any CPU
	EndGlobalSection
	GlobalSection(SolutionProperties) = preSolution
		HideSolutionNode = FALSE
	EndGlobalSection
	GlobalSection(NestedProjects) = preSolution
		{D9E4492D-7CB2-41EF-B3A4-67C3AB478169} = {E1965ACD-DF64-418D-96EF-57A8624198FB}
		{60FCC27A-2A3E-4A9E-BA2E-0888C476244E} = {E1965ACD-DF64-418D-96EF-57A8624198FB}
		{CDEA58E1-3241-4B43-86E0-858CEDDCA1FF} = {02EA681E-C7D8-13C7-8484-4AC65E1B71E8}
		{A9BE68FE-F620-4405-B0CF-6D7E4ECA550B} = {D9E4492D-7CB2-41EF-B3A4-67C3AB478169}
		{5D021816-10E0-445B-8599-3639FF0ED400} = {60FCC27A-2A3E-4A9E-BA2E-0888C476244E}
		{BF745142-7F16-4F18-86B9-1A3663A816F7} = {CDEA58E1-3241-4B43-86E0-858CEDDCA1FF}
		{E1965ACD-DF64-418D-96EF-57A8624198FB} = {02EA681E-C7D8-13C7-8484-4AC65E1B71E8}
		{A471E111-397A-493C-8BF1-5C0E69AF1F3D} = {02EA681E-C7D8-13C7-8484-4AC65E1B71E8}
		{9CCC5950-FA3F-43D0-8DFD-36E8D5910B2E} = {A471E111-397A-493C-8BF1-5C0E69AF1F3D}
		{80B9AE02-87E5-431E-9F34-17AC6B444A7F} = {A471E111-397A-493C-8BF1-5C0E69AF1F3D}
	EndGlobalSection
	GlobalSection(ExtensibilityGlobals) = postSolution
		SolutionGuid = {F0335950-7222-4B0D-9ECD-AF065E1C2129}
	EndGlobalSection
EndGlobal
